
Microsoft Visual Studio Solution File, Format Version 12.00
# Visual Studio Version 17
VisualStudioVersion = 17.7.34009.444
MinimumVisualStudioVersion = 10.0.40219.1
Project("{FAE04EC0-301F-11D3-BF4B-00C04F79EFBC}") = "AlejandroITELEC1C", "AlejandroITELEC1C\AlejandroITELEC1C.csproj", "{30BAF79C-2872-40C0-98C7-69F6132B541D}"
EndProject
Global
	GlobalSection(SolutionConfigurationPlatforms) = preSolution
		Debug|Any CPU = Debug|Any CPU
		Release|Any CPU = Release|Any CPU
	EndGlobalSection
	GlobalSection(ProjectConfigurationPlatforms) = postSolution
		{30BAF79C-2872-40C0-98C7-69F6132B541D}.Debug|Any CPU.ActiveCfg = Debug|Any CPU
		{30BAF79C-2872-40C0-98C7-69F6132B541D}.Debug|Any CPU.Build.0 = Debug|Any CPU
		{30BAF79C-2872-40C0-98C7-69F6132B541D}.Release|Any CPU.ActiveCfg = Release|Any CPU
		{30BAF79C-2872-40C0-98C7-69F6132B541D}.Release|Any CPU.Build.0 = Release|Any CPU
	EndGlobalSection
	GlobalSection(SolutionProperties) = preSolution
		HideSolutionNode = FALSE
	EndGlobalSection
	GlobalSection(ExtensibilityGlobals) = postSolution
		SolutionGuid = {2B91AB05-AB82-415D-B4D1-754718AE4BCF}
	EndGlobalSection
EndGlobal
